{
  "name": "houseapp",
  "version": "1.0.0",
  "lockfileVersion": 1,
  "requires": true,
  "dependencies": {
    "@syncfusion/ej2-base": {
      "version": "18.3.35",
      "resolved": "https://registry.npmjs.org/@syncfusion/ej2-base/-/ej2-base-18.3.35.tgz",
      "integrity": "sha512-RwWoIcJ9OY0ej/EDxN4+1o6gYLSQQBX2QZ7qh2b1JYW2BU1Jub7TJKjoXLVzIktPNADBdy36ibKTF5hImKKYkA==",
      "dev": true,
      "requires": {
        "@syncfusion/ej2-icons": "~18.3.35"
      }
    },
    "@syncfusion/ej2-buttons": {
      "version": "18.3.35",
      "resolved": "https://registry.npmjs.org/@syncfusion/ej2-buttons/-/ej2-buttons-18.3.35.tgz",
      "integrity": "sha512-S7KkiyHINfCE/hg8xeWeXLMAMa7r/q80qbA40RwnJ8898Aa6VUGQnHl/Y2/oeNUEhvpHlIaDUp2W+fkcGMryOw==",
      "dev": true,
      "requires": {
        "@syncfusion/ej2-base": "~18.3.35"
      }
    },
    "@syncfusion/ej2-compression": {
      "version": "18.3.35",
      "resolved": "https://registry.npmjs.org/@syncfusion/ej2-compression/-/ej2-compression-18.3.35.tgz",
      "integrity": "sha512-789nU01FEBRuNOn9WeLlqwHetXvBV9JcV7MNs9Cht00gcJjQ6Gyw6VZuHduSHnZ+kJG9xvoZD8oikhFsMOudmg==",
      "dev": true,
      "requires": {
        "@syncfusion/ej2-file-utils": "~18.3.35"
      }
    },
    "@syncfusion/ej2-data": {
      "version": "18.3.35",
      "resolved": "https://registry.npmjs.org/@syncfusion/ej2-data/-/ej2-data-18.3.35.tgz",
      "integrity": "sha512-JcF2fA74dF5nEACIkY8CzuSaVzFjPPpfTYHiOphuK8WIKz2k1CD64AlACtN858YcSZY32/G4LcKBiLF7kSiGMw==",
      "dev": true,
      "requires": {
        "@syncfusion/ej2-base": "~18.3.35"
      }
    },
    "@syncfusion/ej2-file-utils": {
      "version": "18.3.35",
      "resolved": "https://registry.npmjs.org/@syncfusion/ej2-file-utils/-/ej2-file-utils-18.3.35.tgz",
      "integrity": "sha512-TAZPIypWFf7jOvxW/Lme6zN+cqPcCWnlK0Oh1j9l+51XTPSAMQItGpcQW50RDnAo+HsAZtaiW7ES3tMFVfFQIA==",
      "dev": true
    },
    "@syncfusion/ej2-icons": {
      "version": "18.3.35",
      "resolved": "https://registry.npmjs.org/@syncfusion/ej2-icons/-/ej2-icons-18.3.35.tgz",
      "integrity": "sha512-R2TR+rYAodlT+yOzW/m5q62aB2Fo2c+anUFyVAcJil7LtrVzc1RAz4VWl20E2Vd5PPycN6qgp8lXtyQZopy7XA==",
      "dev": true
    },
    "@syncfusion/ej2-maps": {
      "version": "18.3.35",
      "resolved": "https://registry.npmjs.org/@syncfusion/ej2-maps/-/ej2-maps-18.3.35.tgz",
      "integrity": "sha512-tYljGojOGaJWlXWJzCVioFqNw1QDY+0N53g0cDid2YZIaKLbVrA3yMNDxr/XAlWrXFRkStkZKjqYe1G2qxIUCQ==",
      "dev": true,
      "requires": {
        "@syncfusion/ej2-base": "~18.3.35",
        "@syncfusion/ej2-buttons": "~18.3.35",
        "@syncfusion/ej2-compression": "~18.3.35",
        "@syncfusion/ej2-data": "~18.3.35",
        "@syncfusion/ej2-file-utils": "~18.3.35",
        "@syncfusion/ej2-pdf-export": "~18.3.35",
        "@syncfusion/ej2-svg-base": "~18.3.35"
      }
    },
    "@syncfusion/ej2-pdf-export": {
      "version": "18.3.35",
      "resolved": "https://registry.npmjs.org/@syncfusion/ej2-pdf-export/-/ej2-pdf-export-18.3.35.tgz",
      "integrity": "sha512-k+Nr+y7Ixa+srVKHFizVXhW1sOYgBTYrYM8NasgOVVDV8laK/OfmAyUeQPHjUc+P92sz4GFNcGuhlciVYTIX6g==",
      "dev": true,
      "requires": {
        "@syncfusion/ej2-compression": "~18.3.35"
      }
    },
    "@syncfusion/ej2-svg-base": {
      "version": "18.3.35",
      "resolved": "https://registry.npmjs.org/@syncfusion/ej2-svg-base/-/ej2-svg-base-18.3.35.tgz",
      "integrity": "sha512-cpCwYJzsZ6PQVCT+/j6eub6gnqc0r7eYYoq2av6SmfO+lK/cWWgP9eOLKBPxB8cuPeI++CnrKMOLs7aPAKW7sA==",
      "dev": true,
      "requires": {
        "@syncfusion/ej2-base": "~18.3.35"
      }
    },
    "@syncfusion/ej2-vue-base": {
      "version": "18.3.35",
      "resolved": "https://registry.npmjs.org/@syncfusion/ej2-vue-base/-/ej2-vue-base-18.3.35.tgz",
      "integrity": "sha512-6wBH5oG0Dh+DdWBVq21PBAEEtVQcCgL7EOQseHL2T0HcEevh4p7+n2IjYehwZk+FhxT2R74ApMw8ip8GyoOQwA==",
      "dev": true,
      "requires": {
        "@syncfusion/ej2-base": "~18.3.35"
      }
    },
    "@syncfusion/ej2-vue-maps": {
      "version": "18.3.35",
      "resolved": "https://registry.npmjs.org/@syncfusion/ej2-vue-maps/-/ej2-vue-maps-18.3.35.tgz",
      "integrity": "sha512-O/iA70sRrrxG9FSpsaxTqjE6k2eQ+dw6PU96xT1YR2CrARSyrlUt0t70AKezSNZ0VVOvXhoYXIVC6QjFnhHe0w==",
      "dev": true,
      "requires": {
        "@syncfusion/ej2-base": "~18.3.35",
        "@syncfusion/ej2-maps": "18.3.35",
        "@syncfusion/ej2-vue-base": "~18.3.35"
      }
    }
  }
}
